
Microsoft Visual Studio Solution File, Format Version 12.00
# Visual Studio 15
VisualStudioVersion = 15.0.26124.0
MinimumVisualStudioVersion = 15.0.26124.0
Project("{2150E333-8FDC-42A3-9474-1A3956D46DE8}") = "src", "src", "{8A3E4CD5-CF96-47A4-B889-6491C9FAD32B}"
EndProject
Project("{FAE04EC0-301F-11D3-BF4B-00C04F79EFBC}") = "LicenceTracker.WebAPI", "src\LicenceTracker.WebAPI\LicenceTracker.WebAPI.csproj", "{CBB64E46-5A7D-498F-BB0F-D1F7E594831E}"
EndProject
Project("{2150E333-8FDC-42A3-9474-1A3956D46DE8}") = "test", "test", "{67586FE2-4DEE-4549-ADD6-8B24F66350D4}"
EndProject
Project("{FAE04EC0-301F-11D3-BF4B-00C04F79EFBC}") = "LicenceTracker.Test", "test\LicenceTracker.Test\LicenceTracker.Test.csproj", "{5AAE74E6-E81F-41FC-AF2D-95CDF336CAC2}"
EndProject
Global
	GlobalSection(SolutionConfigurationPlatforms) = preSolution
		Debug|Any CPU = Debug|Any CPU
		Debug|x64 = Debug|x64
		Debug|x86 = Debug|x86
		Release|Any CPU = Release|Any CPU
		Release|x64 = Release|x64
		Release|x86 = Release|x86
	EndGlobalSection
	GlobalSection(SolutionProperties) = preSolution
		HideSolutionNode = FALSE
	EndGlobalSection
	GlobalSection(ProjectConfigurationPlatforms) = postSolution
		{CBB64E46-5A7D-498F-BB0F-D1F7E594831E}.Debug|Any CPU.ActiveCfg = Debug|Any CPU
		{CBB64E46-5A7D-498F-BB0F-D1F7E594831E}.Debug|Any CPU.Build.0 = Debug|Any CPU
		{CBB64E46-5A7D-498F-BB0F-D1F7E594831E}.Debug|x64.ActiveCfg = Debug|Any CPU
		{CBB64E46-5A7D-498F-BB0F-D1F7E594831E}.Debug|x64.Build.0 = Debug|Any CPU
		{CBB64E46-5A7D-498F-BB0F-D1F7E594831E}.Debug|x86.ActiveCfg = Debug|Any CPU
		{CBB64E46-5A7D-498F-BB0F-D1F7E594831E}.Debug|x86.Build.0 = Debug|Any CPU
		{CBB64E46-5A7D-498F-BB0F-D1F7E594831E}.Release|Any CPU.ActiveCfg = Release|Any CPU
		{CBB64E46-5A7D-498F-BB0F-D1F7E594831E}.Release|Any CPU.Build.0 = Release|Any CPU
		{CBB64E46-5A7D-498F-BB0F-D1F7E594831E}.Release|x64.ActiveCfg = Release|Any CPU
		{CBB64E46-5A7D-498F-BB0F-D1F7E594831E}.Release|x64.Build.0 = Release|Any CPU
		{CBB64E46-5A7D-498F-BB0F-D1F7E594831E}.Release|x86.ActiveCfg = Release|Any CPU
		{CBB64E46-5A7D-498F-BB0F-D1F7E594831E}.Release|x86.Build.0 = Release|Any CPU
		{5AAE74E6-E81F-41FC-AF2D-95CDF336CAC2}.Debug|Any CPU.ActiveCfg = Debug|Any CPU
		{5AAE74E6-E81F-41FC-AF2D-95CDF336CAC2}.Debug|Any CPU.Build.0 = Debug|Any CPU
		{5AAE74E6-E81F-41FC-AF2D-95CDF336CAC2}.Debug|x64.ActiveCfg = Debug|Any CPU
		{5AAE74E6-E81F-41FC-AF2D-95CDF336CAC2}.Debug|x64.Build.0 = Debug|Any CPU
		{5AAE74E6-E81F-41FC-AF2D-95CDF336CAC2}.Debug|x86.ActiveCfg = Debug|Any CPU
		{5AAE74E6-E81F-41FC-AF2D-95CDF336CAC2}.Debug|x86.Build.0 = Debug|Any CPU
		{5AAE74E6-E81F-41FC-AF2D-95CDF336CAC2}.Release|Any CPU.ActiveCfg = Release|Any CPU
		{5AAE74E6-E81F-41FC-AF2D-95CDF336CAC2}.Release|Any CPU.Build.0 = Release|Any CPU
		{5AAE74E6-E81F-41FC-AF2D-95CDF336CAC2}.Release|x64.ActiveCfg = Release|Any CPU
		{5AAE74E6-E81F-41FC-AF2D-95CDF336CAC2}.Release|x64.Build.0 = Release|Any CPU
		{5AAE74E6-E81F-41FC-AF2D-95CDF336CAC2}.Release|x86.ActiveCfg = Release|Any CPU
		{5AAE74E6-E81F-41FC-AF2D-95CDF336CAC2}.Release|x86.Build.0 = Release|Any CPU
	EndGlobalSection
	GlobalSection(NestedProjects) = preSolution
		{CBB64E46-5A7D-498F-BB0F-D1F7E594831E} = {8A3E4CD5-CF96-47A4-B889-6491C9FAD32B}
		{5AAE74E6-E81F-41FC-AF2D-95CDF336CAC2} = {67586FE2-4DEE-4549-ADD6-8B24F66350D4}
	EndGlobalSection
EndGlobal
